// !$*UTF8*$!
{
	archiveVersion = 1;
	classes = {
	};
	objectVersion = 51;
	objects = {

/* Begin PBXBuildFile section */
		881B763E27C585A40018F0B6 /* CategoryView.swift in Sources */ = {isa = PBXBuildFile; fileRef = 881B763D27C585A40018F0B6 /* CategoryView.swift */; };
		881B764227C5923E0018F0B6 /* QA_View.swift in Sources */ = {isa = PBXBuildFile; fileRef = 881B764127C5923E0018F0B6 /* QA_View.swift */; };
		88915D3827C30A72001F55DC /* Quiz_AppApp.swift in Sources */ = {isa = PBXBuildFile; fileRef = 88915D3727C30A72001F55DC /* Quiz_AppApp.swift */; };
		88915D3A27C30A72001F55DC /* ContentView.swift in Sources */ = {isa = PBXBuildFile; fileRef = 88915D3927C30A72001F55DC /* ContentView.swift */; };
		88915D3C27C30A75001F55DC /* Assets.xcassets in Resources */ = {isa = PBXBuildFile; fileRef = 88915D3B27C30A75001F55DC /* Assets.xcassets */; };
		88915D3F27C30A75001F55DC /* Preview Assets.xcassets in Resources */ = {isa = PBXBuildFile; fileRef = 88915D3E27C30A75001F55DC /* Preview Assets.xcassets */; };
		88AE880527C5A03B00BAD6F6 /* Questions.swift in Sources */ = {isa = PBXBuildFile; fileRef = 88AE880427C5A03B00BAD6F6 /* Questions.swift */; };
		88AE880827C5A21F00BAD6F6 /* QuestionViewModel.swift in Sources */ = {isa = PBXBuildFile; fileRef = 88AE880727C5A21F00BAD6F6 /* QuestionViewModel.swift */; };
		88B27A4327C446F20077DC64 /* GoogleService-Info.plist in Resources */ = {isa = PBXBuildFile; fileRef = 88B27A4227C446F20077DC64 /* GoogleService-Info.plist */; };
		DC2D87D1BCB6233805C5CC21 /* Pods_Quiz_App.framework in Frameworks */ = {isa = PBXBuildFile; fileRef = C60AD5563AF46C126213A922 /* Pods_Quiz_App.framework */; };
/* End PBXBuildFile section */

/* Begin PBXFileReference section */
		0853FCD5C2F4F701F4CC0E1A /* Pods-Quiz App.debug.xcconfig */ = {isa = PBXFileReference; includeInIndex = 1; lastKnownFileType = text.xcconfig; name = "Pods-Quiz App.debug.xcconfig"; path = "Target Support Files/Pods-Quiz App/Pods-Quiz App.debug.xcconfig"; sourceTree = "<group>"; };
		881B763D27C585A40018F0B6 /* CategoryView.swift */ = {isa = PBXFileReference; lastKnownFileType = sourcecode.swift; path = CategoryView.swift; sourceTree = "<group>"; };
		881B764127C5923E0018F0B6 /* QA_View.swift */ = {isa = PBXFileReference; lastKnownFileType = sourcecode.swift; path = QA_View.swift; sourceTree = "<group>"; };
		88915D3427C30A72001F55DC /* Quiz App.app */ = {isa = PBXFileReference; explicitFileType = wrapper.application; includeInIndex = 0; path = "Quiz App.app"; sourceTree = BUILT_PRODUCTS_DIR; };
		88915D3727C30A72001F55DC /* Quiz_AppApp.swift */ = {isa = PBXFileReference; lastKnownFileType = sourcecode.swift; path = Quiz_AppApp.swift; sourceTree = "<group>"; };
		88915D3927C30A72001F55DC /* ContentView.swift */ = {isa = PBXFileReference; lastKnownFileType = sourcecode.swift; path = ContentView.swift; sourceTree = "<group>"; };
		88915D3B27C30A75001F55DC /* Assets.xcassets */ = {isa = PBXFileReference; lastKnownFileType = folder.assetcatalog; path = Assets.xcassets; sourceTree = "<group>"; };
		88915D3E27C30A75001F55DC /* Preview Assets.xcassets */ = {isa = PBXFileReference; lastKnownFileType = folder.assetcatalog; path = "Preview Assets.xcassets"; sourceTree = "<group>"; };
		88915D4027C30A75001F55DC /* Info.plist */ = {isa = PBXFileReference; lastKnownFileType = text.plist.xml; path = Info.plist; sourceTree = "<group>"; };
		88AE880427C5A03B00BAD6F6 /* Questions.swift */ = {isa = PBXFileReference; lastKnownFileType = sourcecode.swift; path = Questions.swift; sourceTree = "<group>"; };
		88AE880727C5A21F00BAD6F6 /* QuestionViewModel.swift */ = {isa = PBXFileReference; lastKnownFileType = sourcecode.swift; path = QuestionViewModel.swift; sourceTree = "<group>"; };
		88B27A4227C446F20077DC64 /* GoogleService-Info.plist */ = {isa = PBXFileReference; fileEncoding = 4; lastKnownFileType = text.plist.xml; path = "GoogleService-Info.plist"; sourceTree = "<group>"; };
		C60AD5563AF46C126213A922 /* Pods_Quiz_App.framework */ = {isa = PBXFileReference; explicitFileType = wrapper.framework; includeInIndex = 0; path = Pods_Quiz_App.framework; sourceTree = BUILT_PRODUCTS_DIR; };
		D2590629F14AB4E660F6EA94 /* Pods-Quiz App.release.xcconfig */ = {isa = PBXFileReference; includeInIndex = 1; lastKnownFileType = text.xcconfig; name = "Pods-Quiz App.release.xcconfig"; path = "Target Support Files/Pods-Quiz App/Pods-Quiz App.release.xcconfig"; sourceTree = "<group>"; };
/* End PBXFileReference section */

/* Begin PBXFrameworksBuildPhase section */
		88915D3127C30A72001F55DC /* Frameworks */ = {
			isa = PBXFrameworksBuildPhase;
			buildActionMask = 2147483647;
			files = (
				DC2D87D1BCB6233805C5CC21 /* Pods_Quiz_App.framework in Frameworks */,
			);
			runOnlyForDeploymentPostprocessing = 0;
		};
/* End PBXFrameworksBuildPhase section */

/* Begin PBXGroup section */
		30FDE8C70A95F1258DAADC7D /* Frameworks */ = {
			isa = PBXGroup;
			children = (
				C60AD5563AF46C126213A922 /* Pods_Quiz_App.framework */,
			);
			name = Frameworks;
			sourceTree = "<group>";
		};
		45B60CC0DC619D86F16287A1 /* Pods */ = {
			isa = PBXGroup;
			children = (
				0853FCD5C2F4F701F4CC0E1A /* Pods-Quiz App.debug.xcconfig */,
				D2590629F14AB4E660F6EA94 /* Pods-Quiz App.release.xcconfig */,
			);
			path = Pods;
			sourceTree = "<group>";
		};
		88915D2B27C30A72001F55DC = {
			isa = PBXGroup;
			children = (
				88915D3627C30A72001F55DC /* Quiz App */,
				88915D3527C30A72001F55DC /* Products */,
				45B60CC0DC619D86F16287A1 /* Pods */,
				30FDE8C70A95F1258DAADC7D /* Frameworks */,
			);
			sourceTree = "<group>";
		};
		88915D3527C30A72001F55DC /* Products */ = {
			isa = PBXGroup;
			children = (
				88915D3427C30A72001F55DC /* Quiz App.app */,
			);
			name = Products;
			sourceTree = "<group>";
		};
		88915D3627C30A72001F55DC /* Quiz App */ = {
			isa = PBXGroup;
			children = (
				881B764127C5923E0018F0B6 /* QA_View.swift */,
				88AE880427C5A03B00BAD6F6 /* Questions.swift */,
				88AE880727C5A21F00BAD6F6 /* QuestionViewModel.swift */,
				88B27A4227C446F20077DC64 /* GoogleService-Info.plist */,
				881B763D27C585A40018F0B6 /* CategoryView.swift */,
				88915D3727C30A72001F55DC /* Quiz_AppApp.swift */,
				88915D3927C30A72001F55DC /* ContentView.swift */,
				88915D3B27C30A75001F55DC /* Assets.xcassets */,
				88915D4027C30A75001F55DC /* Info.plist */,
				88915D3D27C30A75001F55DC /* Preview Content */,
			);
			path = "Quiz App";
			sourceTree = "<group>";
		};
		88915D3D27C30A75001F55DC /* Preview Content */ = {
			isa = PBXGroup;
			children = (
				88915D3E27C30A75001F55DC /* Preview Assets.xcassets */,
			);
			path = "Preview Content";
			sourceTree = "<group>";
		};
/* End PBXGroup section */

/* Begin PBXNativeTarget section */
		88915D3327C30A72001F55DC /* Quiz App */ = {
			isa = PBXNativeTarget;
			buildConfigurationList = 88915D4327C30A75001F55DC /* Build configuration list for PBXNativeTarget "Quiz App" */;
			buildPhases = (
				34B5907F236F6D6A42D8EBDE /* [CP] Check Pods Manifest.lock */,
				88915D3027C30A72001F55DC /* Sources */,
				88915D3127C30A72001F55DC /* Frameworks */,
				88915D3227C30A72001F55DC /* Resources */,
				0FDEE03EE9A29F6970A89DE8 /* [CP] Embed Pods Frameworks */,
			);
			buildRules = (
			);
			dependencies = (
			);
			name = "Quiz App";
			productName = "Quiz App";
			productReference = 88915D3427C30A72001F55DC /* Quiz App.app */;
			productType = "com.apple.product-type.application";
		};
/* End PBXNativeTarget section */

/* Begin PBXProject section */
		88915D2C27C30A72001F55DC /* Project object */ = {
			isa = PBXProject;
			attributes = {
				LastSwiftUpdateCheck = 1200;
				LastUpgradeCheck = 1200;
				TargetAttributes = {
					88915D3327C30A72001F55DC = {
						CreatedOnToolsVersion = 12.0;
					};
				};
			};
			buildConfigurationList = 88915D2F27C30A72001F55DC /* Build configuration list for PBXProject "Quiz App" */;
			compatibilityVersion = "Xcode 9.3";
			developmentRegion = en;
			hasScannedForEncodings = 0;
			knownRegions = (
				en,
				Base,
			);
			mainGroup = 88915D2B27C30A72001F55DC;
			productRefGroup = 88915D3527C30A72001F55DC /* Products */;
			projectDirPath = "";
			projectRoot = "";
			targets = (
				88915D3327C30A72001F55DC /* Quiz App */,
			);
		};
/* End PBXProject section */

/* Begin PBXResourcesBuildPhase section */
		88915D3227C30A72001F55DC /* Resources */ = {
			isa = PBXResourcesBuildPhase;
			buildActionMask = 2147483647;
			files = (
				88915D3F27C30A75001F55DC /* Preview Assets.xcassets in Resources */,
				88915D3C27C30A75001F55DC /* Assets.xcassets in Resources */,
				88B27A4327C446F20077DC64 /* GoogleService-Info.plist in Resources */,
			);
			runOnlyForDeploymentPostprocessing = 0;
		};
/* End PBXResourcesBuildPhase section */

/* Begin PBXShellScriptBuildPhase section */
		0FDEE03EE9A29F6970A89DE8 /* [CP] Embed Pods Frameworks */ = {
			isa = PBXShellScriptBuildPhase;
			buildActionMask = 2147483647;
			files = (
			);
			inputFileListPaths = (
				"${PODS_ROOT}/Target Support Files/Pods-Quiz App/Pods-Quiz App-frameworks-${CONFIGURATION}-input-files.xcfilelist",
			);
			name = "[CP] Embed Pods Frameworks";
			outputFileListPaths = (
				"${PODS_ROOT}/Target Support Files/Pods-Quiz App/Pods-Quiz App-frameworks-${CONFIGURATION}-output-files.xcfilelist",
			);
			runOnlyForDeploymentPostprocessing = 0;
			shellPath = /bin/sh;
			shellScript = "\"${PODS_ROOT}/Target Support Files/Pods-Quiz App/Pods-Quiz App-frameworks.sh\"\n";
			showEnvVarsInLog = 0;
		};
		34B5907F236F6D6A42D8EBDE /* [CP] Check Pods Manifest.lock */ = {
			isa = PBXShellScriptBuildPhase;
			buildActionMask = 2147483647;
			files = (
			);
			inputFileListPaths = (
			);
			inputPaths = (
				"${PODS_PODFILE_DIR_PATH}/Podfile.lock",
				"${PODS_ROOT}/Manifest.lock",
			);
			name = "[CP] Check Pods Manifest.lock";
			outputFileListPaths = (
			);
			outputPaths = (
				"$(DERIVED_FILE_DIR)/Pods-Quiz App-checkManifestLockResult.txt",
			);
			runOnlyForDeploymentPostprocessing = 0;
			shellPath = /bin/sh;
			shellScript = "diff \"${PODS_PODFILE_DIR_PATH}/Podfile.lock\" \"${PODS_ROOT}/Manifest.lock\" > /dev/null\nif [ $? != 0 ] ; then\n    # print error to STDERR\n    echo \"error: The sandbox is not in sync with the Podfile.lock. Run 'pod install' or update your CocoaPods installation.\" >&2\n    exit 1\nfi\n# This output is used by Xcode 'outputs' to avoid re-running this script phase.\necho \"SUCCESS\" > \"${SCRIPT_OUTPUT_FILE_0}\"\n";
			showEnvVarsInLog = 0;
		};
/* End PBXShellScriptBuildPhase section */

/* Begin PBXSourcesBuildPhase section */
		88915D3027C30A72001F55DC /* Sources */ = {
			isa = PBXSourcesBuildPhase;
			buildActionMask = 2147483647;
			files = (
				881B764227C5923E0018F0B6 /* QA_View.swift in Sources */,
				88915D3A27C30A72001F55DC /* ContentView.swift in Sources */,
				88915D3827C30A72001F55DC /* Quiz_AppApp.swift in Sources */,
				88AE880527C5A03B00BAD6F6 /* Questions.swift in Sources */,
				88AE880827C5A21F00BAD6F6 /* QuestionViewModel.swift in Sources */,
				881B763E27C585A40018F0B6 /* CategoryView.swift in Sources */,
			);
			runOnlyForDeploymentPostprocessing = 0;
		};
/* End PBXSourcesBuildPhase section */

/* Begin XCBuildConfiguration section */
		88915D4127C30A75001F55DC /* Debug */ = {
			isa = XCBuildConfiguration;
			buildSettings = {
				ALWAYS_SEARCH_USER_PATHS = NO;
				CLANG_ANALYZER_NONNULL = YES;
				CLANG_ANALYZER_NUMBER_OBJECT_CONVERSION = YES_AGGRESSIVE;
				CLANG_CXX_LANGUAGE_STANDARD = "gnu++14";
				CLANG_CXX_LIBRARY = "libc++";
				CLANG_ENABLE_MODULES = YES;
				CLANG_ENABLE_OBJC_ARC = YES;
				CLANG_ENABLE_OBJC_WEAK = YES;
				CLANG_WARN_BLOCK_CAPTURE_AUTORELEASING = YES;
				CLANG_WARN_BOOL_CONVERSION = YES;
				CLANG_WARN_COMMA = YES;
				CLANG_WARN_CONSTANT_CONVERSION = YES;
				CLANG_WARN_DEPRECATED_OBJC_IMPLEMENTATIONS = YES;
				CLANG_WARN_DIRECT_OBJC_ISA_USAGE = YES_ERROR;
				CLANG_WARN_DOCUMENTATION_COMMENTS = YES;
				CLANG_WARN_EMPTY_BODY = YES;
				CLANG_WARN_ENUM_CONVERSION = YES;
				CLANG_WARN_INFINITE_RECURSION = YES;
				CLANG_WARN_INT_CONVERSION = YES;
				CLANG_WARN_NON_LITERAL_NULL_CONVERSION = YES;
				CLANG_WARN_OBJC_IMPLICIT_RETAIN_SELF = YES;
				CLANG_WARN_OBJC_LITERAL_CONVERSION = YES;
				CLANG_WARN_OBJC_ROOT_CLASS = YES_ERROR;
				CLANG_WARN_QUOTED_INCLUDE_IN_FRAMEWORK_HEADER = YES;
				CLANG_WARN_RANGE_LOOP_ANALYSIS = YES;
				CLANG_WARN_STRICT_PROTOTYPES = YES;
				CLANG_WARN_SUSPICIOUS_MOVE = YES;
				CLANG_WARN_UNGUARDED_AVAILABILITY = YES_AGGRESSIVE;
				CLANG_WARN_UNREACHABLE_CODE = YES;
				CLANG_WARN__DUPLICATE_METHOD_MATCH = YES;
				COPY_PHASE_STRIP = NO;
				DEBUG_INFORMATION_FORMAT = dwarf;
				ENABLE_STRICT_OBJC_MSGSEND = YES;
				ENABLE_TESTABILITY = YES;
				GCC_C_LANGUAGE_STANDARD = gnu11;
				GCC_DYNAMIC_NO_PIC = NO;
				GCC_NO_COMMON_BLOCKS = YES;
				GCC_OPTIMIZATION_LEVEL = 0;
				GCC_PREPROCESSOR_DEFINITIONS = (
					"DEBUG=1",
					"$(inherited)",
				);
				GCC_WARN_64_TO_32_BIT_CONVERSION = YES;
				GCC_WARN_ABOUT_RETURN_TYPE = YES_ERROR;
				GCC_WARN_UNDECLARED_SELECTOR = YES;
				GCC_WARN_UNINITIALIZED_AUTOS = YES_AGGRESSIVE;
				GCC_WARN_UNUSED_FUNCTION = YES;
				GCC_WARN_UNUSED_VARIABLE = YES;
				IPHONEOS_DEPLOYMENT_TARGET = 14.0;
				MTL_ENABLE_DEBUG_INFO = INCLUDE_SOURCE;
				MTL_FAST_MATH = YES;
				ONLY_ACTIVE_ARCH = YES;
				SDKROOT = iphoneos;
				SWIFT_ACTIVE_COMPILATION_CONDITIONS = DEBUG;
				SWIFT_OPTIMIZATION_LEVEL = "-Onone";
			};
			name = Debug;
		};
		88915D4227C30A75001F55DC /* Release */ = {
			isa = XCBuildConfiguration;
			buildSettings = {
				ALWAYS_SEARCH_USER_PATHS = NO;
				CLANG_ANALYZER_NONNULL = YES;
				CLANG_ANALYZER_NUMBER_OBJECT_CONVERSION = YES_AGGRESSIVE;
				CLANG_CXX_LANGUAGE_STANDARD = "gnu++14";
				CLANG_CXX_LIBRARY = "libc++";
				CLANG_ENABLE_MODULES = YES;
				CLANG_ENABLE_OBJC_ARC = YES;
				CLANG_ENABLE_OBJC_WEAK = YES;
				CLANG_WARN_BLOCK_CAPTURE_AUTORELEASING = YES;
				CLANG_WARN_BOOL_CONVERSION = YES;
				CLANG_WARN_COMMA = YES;
				CLANG_WARN_CONSTANT_CONVERSION = YES;
				CLANG_WARN_DEPRECATED_OBJC_IMPLEMENTATIONS = YES;
				CLANG_WARN_DIRECT_OBJC_ISA_USAGE = YES_ERROR;
				CLANG_WARN_DOCUMENTATION_COMMENTS = YES;
				CLANG_WARN_EMPTY_BODY = YES;
				CLANG_WARN_ENUM_CONVERSION = YES;
				CLANG_WARN_INFINITE_RECURSION = YES;
				CLANG_WARN_INT_CONVERSION = YES;
				CLANG_WARN_NON_LITERAL_NULL_CONVERSION = YES;
				CLANG_WARN_OBJC_IMPLICIT_RETAIN_SELF = YES;
				CLANG_WARN_OBJC_LITERAL_CONVERSION = YES;
				CLANG_WARN_OBJC_ROOT_CLASS = YES_ERROR;
				CLANG_WARN_QUOTED_INCLUDE_IN_FRAMEWORK_HEADER = YES;
				CLANG_WARN_RANGE_LOOP_ANALYSIS = YES;
				CLANG_WARN_STRICT_PROTOTYPES = YES;
				CLANG_WARN_SUSPICIOUS_MOVE = YES;
				CLANG_WARN_UNGUARDED_AVAILABILITY = YES_AGGRESSIVE;
				CLANG_WARN_UNREACHABLE_CODE = YES;
				CLANG_WARN__DUPLICATE_METHOD_MATCH = YES;
				COPY_PHASE_STRIP = NO;
				DEBUG_INFORMATION_FORMAT = "dwarf-with-dsym";
				ENABLE_NS_ASSERTIONS = NO;
				ENABLE_STRICT_OBJC_MSGSEND = YES;
				GCC_C_LANGUAGE_STANDARD = gnu11;
				GCC_NO_COMMON_BLOCKS = YES;
				GCC_WARN_64_TO_32_BIT_CONVERSION = YES;
				GCC_WARN_ABOUT_RETURN_TYPE = YES_ERROR;
				GCC_WARN_UNDECLARED_SELECTOR = YES;
				GCC_WARN_UNINITIALIZED_AUTOS = YES_AGGRESSIVE;
				GCC_WARN_UNUSED_FUNCTION = YES;
				GCC_WARN_UNUSED_VARIABLE = YES;
				IPHONEOS_DEPLOYMENT_TARGET = 14.0;
				MTL_ENABLE_DEBUG_INFO = NO;
				MTL_FAST_MATH = YES;
				SDKROOT = iphoneos;
				SWIFT_COMPILATION_MODE = wholemodule;
				SWIFT_OPTIMIZATION_LEVEL = "-O";
				VALIDATE_PRODUCT = YES;
			};
			name = Release;
		};
		88915D4427C30A75001F55DC /* Debug */ = {
			isa = XCBuildConfiguration;
			baseConfigurationReference = 0853FCD5C2F4F701F4CC0E1A /* Pods-Quiz App.debug.xcconfig */;
			buildSettings = {
				ASSETCATALOG_COMPILER_APPICON_NAME = AppIcon;
				ASSETCATALOG_COMPILER_GLOBAL_ACCENT_COLOR_NAME = AccentColor;
				CODE_SIGN_STYLE = Automatic;
				DEVELOPMENT_ASSET_PATHS = "\"Quiz App/Preview Content\"";
				DEVELOPMENT_TEAM = 2L24TQ8W95;
				ENABLE_PREVIEWS = YES;
				INFOPLIST_FILE = "Quiz App/Info.plist";
				IPHONEOS_DEPLOYMENT_TARGET = 14.0;
				LD_RUNPATH_SEARCH_PATHS = (
					"$(inherited)",
					"@executable_path/Frameworks",
				);
				PRODUCT_BUNDLE_IDENTIFIER = "bg.uni-sofia.fmi.Quiz-App";
				PRODUCT_NAME = "$(TARGET_NAME)";
				SWIFT_VERSION = 5.0;
				TARGETED_DEVICE_FAMILY = "1,2";
			};
			name = Debug;
		};
		88915D4527C30A75001F55DC /* Release */ = {
			isa = XCBuildConfiguration;
			baseConfigurationReference = D2590629F14AB4E660F6EA94 /* Pods-Quiz App.release.xcconfig */;
			buildSettings = {
				ASSETCATALOG_COMPILER_APPICON_NAME = AppIcon;
				ASSETCATALOG_COMPILER_GLOBAL_ACCENT_COLOR_NAME = AccentColor;
				CODE_SIGN_STYLE = Automatic;
				DEVELOPMENT_ASSET_PATHS = "\"Quiz App/Preview Content\"";
				DEVELOPMENT_TEAM = 2L24TQ8W95;
				ENABLE_PREVIEWS = YES;
				INFOPLIST_FILE = "Quiz App/Info.plist";
				IPHONEOS_DEPLOYMENT_TARGET = 14.0;
				LD_RUNPATH_SEARCH_PATHS = (
					"$(inherited)",
					"@executable_path/Frameworks",
				);
				PRODUCT_BUNDLE_IDENTIFIER = "bg.uni-sofia.fmi.Quiz-App";
				PRODUCT_NAME = "$(TARGET_NAME)";
				SWIFT_VERSION = 5.0;
				TARGETED_DEVICE_FAMILY = "1,2";
			};
			name = Release;
		};
/* End XCBuildConfiguration section */

/* Begin XCConfigurationList section */
		88915D2F27C30A72001F55DC /* Build configuration list for PBXProject "Quiz App" */ = {
			isa = XCConfigurationList;
			buildConfigurations = (
				88915D4127C30A75001F55DC /* Debug */,
				88915D4227C30A75001F55DC /* Release */,
			);
			defaultConfigurationIsVisible = 0;
			defaultConfigurationName = Release;
		};
		88915D4327C30A75001F55DC /* Build configuration list for PBXNativeTarget "Quiz App" */ = {
			isa = XCConfigurationList;
			buildConfigurations = (
				88915D4427C30A75001F55DC /* Debug */,
				88915D4527C30A75001F55DC /* Release */,
			);
			defaultConfigurationIsVisible = 0;
			defaultConfigurationName = Release;
		};
/* End XCConfigurationList section */
	};
	rootObject = 88915D2C27C30A72001F55DC /* Project object */;
}
